
Microsoft Visual Studio Solution File, Format Version 12.00
# Visual Studio 15
Project("{FAE04EC0-301F-11D3-BF4B-00C04F79EFBC}") = "HuanJing", "HuanJing.csproj", "{B19BD207-527A-7061-2ED0-BDE5DCBDC6E3}"
EndProject
Project("{FAE04EC0-301F-11D3-BF4B-00C04F79EFBC}") = "HuanJing.Editor", "HuanJing.Editor.csproj", "{DCB57201-6EE1-0D7F-5058-8F10992894E5}"
EndProject
Global
	GlobalSection(SolutionConfigurationPlatforms) = preSolution
		Debug|Any CPU = Debug|Any CPU
		Release|Any CPU = Release|Any CPU
	EndGlobalSection
	GlobalSection(ProjectConfigurationPlatforms) = postSolution
		{B19BD207-527A-7061-2ED0-BDE5DCBDC6E3}.Debug|Any CPU.ActiveCfg = Debug|Any CPU
		{B19BD207-527A-7061-2ED0-BDE5DCBDC6E3}.Debug|Any CPU.Build.0 = Debug|Any CPU
		{B19BD207-527A-7061-2ED0-BDE5DCBDC6E3}.Release|Any CPU.ActiveCfg = Release|Any CPU
		{B19BD207-527A-7061-2ED0-BDE5DCBDC6E3}.Release|Any CPU.Build.0 = Release|Any CPU
		{DCB57201-6EE1-0D7F-5058-8F10992894E5}.Debug|Any CPU.ActiveCfg = Debug|Any CPU
		{DCB57201-6EE1-0D7F-5058-8F10992894E5}.Debug|Any CPU.Build.0 = Debug|Any CPU
		{DCB57201-6EE1-0D7F-5058-8F10992894E5}.Release|Any CPU.ActiveCfg = Release|Any CPU
		{DCB57201-6EE1-0D7F-5058-8F10992894E5}.Release|Any CPU.Build.0 = Release|Any CPU
	EndGlobalSection
	GlobalSection(SolutionProperties) = preSolution
		HideSolutionNode = FALSE
	EndGlobalSection
EndGlobal
